
Microsoft Visual Studio Solution File, Format Version 12.00
# Visual Studio Version 17
VisualStudioVersion = 17.11.35327.3
MinimumVisualStudioVersion = 10.0.40219.1
Project("{2150E333-8FDC-42A3-9474-1A3956D46DE8}") = "Solution Items", "Solution Items", "{6B6C89A9-C5C4-467B-A91F-BE90241E17E4}"
	ProjectSection(SolutionItems) = preProject
		.editorconfig = .editorconfig
	EndProjectSection
EndProject
Project("{FAE04EC0-301F-11D3-BF4B-00C04F79EFBC}") = "TodoLists.Domain", "TodoLists.Domain\TodoLists.Domain.csproj", "{2098AE17-B947-4A00-B5C4-EE3CC41A7035}"
EndProject
Project("{FAE04EC0-301F-11D3-BF4B-00C04F79EFBC}") = "TodoLists.API", "TodoLists.API\TodoLists.API.csproj", "{5655EB75-4ED6-4598-B7C8-CB82331DA860}"
EndProject
Global
	GlobalSection(SolutionConfigurationPlatforms) = preSolution
		Debug|Any CPU = Debug|Any CPU
		Release|Any CPU = Release|Any CPU
	EndGlobalSection
	GlobalSection(ProjectConfigurationPlatforms) = postSolution
		{2098AE17-B947-4A00-B5C4-EE3CC41A7035}.Debug|Any CPU.ActiveCfg = Debug|Any CPU
		{2098AE17-B947-4A00-B5C4-EE3CC41A7035}.Debug|Any CPU.Build.0 = Debug|Any CPU
		{2098AE17-B947-4A00-B5C4-EE3CC41A7035}.Release|Any CPU.ActiveCfg = Release|Any CPU
		{2098AE17-B947-4A00-B5C4-EE3CC41A7035}.Release|Any CPU.Build.0 = Release|Any CPU
		{5655EB75-4ED6-4598-B7C8-CB82331DA860}.Debug|Any CPU.ActiveCfg = Debug|Any CPU
		{5655EB75-4ED6-4598-B7C8-CB82331DA860}.Debug|Any CPU.Build.0 = Debug|Any CPU
		{5655EB75-4ED6-4598-B7C8-CB82331DA860}.Release|Any CPU.ActiveCfg = Release|Any CPU
		{5655EB75-4ED6-4598-B7C8-CB82331DA860}.Release|Any CPU.Build.0 = Release|Any CPU
	EndGlobalSection
	GlobalSection(SolutionProperties) = preSolution
		HideSolutionNode = FALSE
	EndGlobalSection
	GlobalSection(ExtensibilityGlobals) = postSolution
		SolutionGuid = {A8A45F26-B4A7-4E88-8494-7C603B194B66}
	EndGlobalSection
EndGlobal
